Microsoft Visual Studio Solution File, Format Version 8.00
Project("{FAE04EC0-301F-11D3-BF4B-00C04F79EFBC}") = "readXLS", "readXLS.csproj", "{2293591D-2F9D-4961-9799-2E01BA8CF0B5}"
	ProjectSection(ProjectDependencies) = postProject
	EndProjectSection
EndProject
Global
	GlobalSection(SolutionConfiguration) = preSolution
		Debug = Debug
		Release = Release
	EndGlobalSection
	GlobalSection(ProjectConfiguration) = postSolution
		{2293591D-2F9D-4961-9799-2E01BA8CF0B5}.Debug.ActiveCfg = Debug|.NET
		{2293591D-2F9D-4961-9799-2E01BA8CF0B5}.Debug.Build.0 = Debug|.NET
		{2293591D-2F9D-4961-9799-2E01BA8CF0B5}.Release.ActiveCfg = Release|.NET
		{2293591D-2F9D-4961-9799-2E01BA8CF0B5}.Release.Build.0 = Release|.NET
	EndGlobalSection
	GlobalSection(ExtensibilityGlobals) = postSolution
	EndGlobalSection
	GlobalSection(ExtensibilityAddIns) = postSolution
	EndGlobalSection
EndGlobal
